
Microsoft Visual Studio Solution File, Format Version 12.00
# Visual Studio Version 16
VisualStudioVersion = 16.0.30907.101
MinimumVisualStudioVersion = 10.0.40219.1
Project("{FAE04EC0-301F-11D3-BF4B-00C04F79EFBC}") = "FirebaseTest11", "FirebaseTest11\FirebaseTest11.csproj", "{04449354-F319-4679-BE76-E6D7E28E8CD6}"
EndProject
Global
	GlobalSection(SolutionConfigurationPlatforms) = preSolution
		Debug|Any CPU = Debug|Any CPU
		Release|Any CPU = Release|Any CPU
	EndGlobalSection
	GlobalSection(ProjectConfigurationPlatforms) = postSolution
		{04449354-F319-4679-BE76-E6D7E28E8CD6}.Debug|Any CPU.ActiveCfg = Debug|Any CPU
		{04449354-F319-4679-BE76-E6D7E28E8CD6}.Debug|Any CPU.Build.0 = Debug|Any CPU
		{04449354-F319-4679-BE76-E6D7E28E8CD6}.Debug|Any CPU.Deploy.0 = Debug|Any CPU
		{04449354-F319-4679-BE76-E6D7E28E8CD6}.Release|Any CPU.ActiveCfg = Release|Any CPU
		{04449354-F319-4679-BE76-E6D7E28E8CD6}.Release|Any CPU.Build.0 = Release|Any CPU
		{04449354-F319-4679-BE76-E6D7E28E8CD6}.Release|Any CPU.Deploy.0 = Release|Any CPU
	EndGlobalSection
	GlobalSection(SolutionProperties) = preSolution
		HideSolutionNode = FALSE
	EndGlobalSection
	GlobalSection(ExtensibilityGlobals) = postSolution
		SolutionGuid = {DC6F8A14-E1CE-435E-990D-5B8A732F108C}
	EndGlobalSection
EndGlobal
